
Microsoft Visual Studio Solution File, Format Version 12.00
# Visual Studio 2017
Project("{FAE04EC0-301F-11D3-BF4B-00C04F79EFBC}") = "GameDev1Project3", "GameDev1Project3.csproj", "{636AD8A0-9035-6945-9772-4A3B4158F559}"
EndProject
Project("{FAE04EC0-301F-11D3-BF4B-00C04F79EFBC}") = "GameDev1Project3.Plugins", "GameDev1Project3.Plugins.csproj", "{56F1DF7A-73EA-E18B-6EEB-117B836741A8}"
EndProject
Project("{FAE04EC0-301F-11D3-BF4B-00C04F79EFBC}") = "GameDev1Project3.Editor.Plugins", "GameDev1Project3.Editor.Plugins.csproj", "{5F6C1314-400E-41CE-97C6-3E25A02DEE52}"
EndProject
Global
	GlobalSection(SolutionConfigurationPlatforms) = preSolution
		Debug|Any CPU = Debug|Any CPU
		Release|Any CPU = Release|Any CPU
	EndGlobalSection
	GlobalSection(ProjectConfigurationPlatforms) = postSolution
		{636AD8A0-9035-6945-9772-4A3B4158F559}.Debug|Any CPU.ActiveCfg = Debug|Any CPU
		{636AD8A0-9035-6945-9772-4A3B4158F559}.Debug|Any CPU.Build.0 = Debug|Any CPU
		{636AD8A0-9035-6945-9772-4A3B4158F559}.Release|Any CPU.ActiveCfg = Release|Any CPU
		{636AD8A0-9035-6945-9772-4A3B4158F559}.Release|Any CPU.Build.0 = Release|Any CPU
		{56F1DF7A-73EA-E18B-6EEB-117B836741A8}.Debug|Any CPU.ActiveCfg = Debug|Any CPU
		{56F1DF7A-73EA-E18B-6EEB-117B836741A8}.Debug|Any CPU.Build.0 = Debug|Any CPU
		{56F1DF7A-73EA-E18B-6EEB-117B836741A8}.Release|Any CPU.ActiveCfg = Release|Any CPU
		{56F1DF7A-73EA-E18B-6EEB-117B836741A8}.Release|Any CPU.Build.0 = Release|Any CPU
		{5F6C1314-400E-41CE-97C6-3E25A02DEE52}.Debug|Any CPU.ActiveCfg = Debug|Any CPU
		{5F6C1314-400E-41CE-97C6-3E25A02DEE52}.Debug|Any CPU.Build.0 = Debug|Any CPU
		{5F6C1314-400E-41CE-97C6-3E25A02DEE52}.Release|Any CPU.ActiveCfg = Release|Any CPU
		{5F6C1314-400E-41CE-97C6-3E25A02DEE52}.Release|Any CPU.Build.0 = Release|Any CPU
	EndGlobalSection
	GlobalSection(SolutionProperties) = preSolution
		HideSolutionNode = FALSE
	EndGlobalSection
EndGlobal
