
Microsoft Visual Studio Solution File, Format Version 12.00
# Visual Studio 2015
Project("{FAE04EC0-301F-11D3-BF4B-00C04F79EFBC}") = "GameDev1Project3.CSharp", "GameDev1Project3.CSharp.csproj", "{68C784BA-2D1B-7B7A-00BC-A647DC89E554}"
EndProject
Project("{FAE04EC0-301F-11D3-BF4B-00C04F79EFBC}") = "GameDev1Project3.CSharp.Plugins", "GameDev1Project3.CSharp.Plugins.csproj", "{48388401-58B7-95F5-FF05-E8A6474E2F0E}"
EndProject
Project("{FAE04EC0-301F-11D3-BF4B-00C04F79EFBC}") = "GameDev1Project3.CSharp.Editor.Plugins", "GameDev1Project3.CSharp.Editor.Plugins.csproj", "{9B3C4773-3B3E-0E66-2749-C1F98DB09958}"
EndProject
Global
	GlobalSection(SolutionConfigurationPlatforms) = preSolution
		Debug|Any CPU = Debug|Any CPU
		Release|Any CPU = Release|Any CPU
	EndGlobalSection
	GlobalSection(ProjectConfigurationPlatforms) = postSolution
		{68C784BA-2D1B-7B7A-00BC-A647DC89E554}.Debug|Any CPU.ActiveCfg = Debug|Any CPU
		{68C784BA-2D1B-7B7A-00BC-A647DC89E554}.Debug|Any CPU.Build.0 = Debug|Any CPU
		{68C784BA-2D1B-7B7A-00BC-A647DC89E554}.Release|Any CPU.ActiveCfg = Release|Any CPU
		{68C784BA-2D1B-7B7A-00BC-A647DC89E554}.Release|Any CPU.Build.0 = Release|Any CPU
		{48388401-58B7-95F5-FF05-E8A6474E2F0E}.Debug|Any CPU.ActiveCfg = Debug|Any CPU
		{48388401-58B7-95F5-FF05-E8A6474E2F0E}.Debug|Any CPU.Build.0 = Debug|Any CPU
		{48388401-58B7-95F5-FF05-E8A6474E2F0E}.Release|Any CPU.ActiveCfg = Release|Any CPU
		{48388401-58B7-95F5-FF05-E8A6474E2F0E}.Release|Any CPU.Build.0 = Release|Any CPU
		{9B3C4773-3B3E-0E66-2749-C1F98DB09958}.Debug|Any CPU.ActiveCfg = Debug|Any CPU
		{9B3C4773-3B3E-0E66-2749-C1F98DB09958}.Debug|Any CPU.Build.0 = Debug|Any CPU
		{9B3C4773-3B3E-0E66-2749-C1F98DB09958}.Release|Any CPU.ActiveCfg = Release|Any CPU
		{9B3C4773-3B3E-0E66-2749-C1F98DB09958}.Release|Any CPU.Build.0 = Release|Any CPU
	EndGlobalSection
	GlobalSection(SolutionProperties) = preSolution
		HideSolutionNode = FALSE
	EndGlobalSection
EndGlobal
